// !$*UTF8*$!
{
	archiveVersion = 1;
	classes = {
	};
	objectVersion = 51;
	objects = {

/* Begin PBXBuildFile section */
		8A84127F245A1D52000FF205 /* AppDelegate.swift in Sources */ = {isa = PBXBuildFile; fileRef = 8A84127E245A1D52000FF205 /* AppDelegate.swift */; };
		8A841281245A1D52000FF205 /* SceneDelegate.swift in Sources */ = {isa = PBXBuildFile; fileRef = 8A841280245A1D52000FF205 /* SceneDelegate.swift */; };
		8A841283245A1D52000FF205 /* ViewController.swift in Sources */ = {isa = PBXBuildFile; fileRef = 8A841282245A1D52000FF205 /* ViewController.swift */; };
		8A841286245A1D52000FF205 /* Main.storyboard in Resources */ = {isa = PBXBuildFile; fileRef = 8A841284245A1D52000FF205 /* Main.storyboard */; };
		8A841288245A1D55000FF205 /* Assets.xcassets in Resources */ = {isa = PBXBuildFile; fileRef = 8A841287245A1D55000FF205 /* Assets.xcassets */; };
		8A84128B245A1D55000FF205 /* LaunchScreen.storyboard in Resources */ = {isa = PBXBuildFile; fileRef = 8A841289245A1D55000FF205 /* LaunchScreen.storyboard */; };
		8AC2DCAA247D76980099401F /* Cell.swift in Sources */ = {isa = PBXBuildFile; fileRef = 8AC2DCA9247D76980099401F /* Cell.swift */; };
		8AC2DCAC247D9F0F0099401F /* YTButtons.swift in Sources */ = {isa = PBXBuildFile; fileRef = 8AC2DCAB247D9F0F0099401F /* YTButtons.swift */; };
		F640F076EF5ADD062C8F7238 /* Pods_Assignment_4.framework in Frameworks */ = {isa = PBXBuildFile; fileRef = A5A039CDF8A5D56E554E2F78 /* Pods_Assignment_4.framework */; };
/* End PBXBuildFile section */

/* Begin PBXFileReference section */
		84090AD2BC64DD68CC5ABB36 /* Pods-Assignment 4.release.xcconfig */ = {isa = PBXFileReference; includeInIndex = 1; lastKnownFileType = text.xcconfig; name = "Pods-Assignment 4.release.xcconfig"; path = "Target Support Files/Pods-Assignment 4/Pods-Assignment 4.release.xcconfig"; sourceTree = "<group>"; };
		8A84127B245A1D52000FF205 /* Assignment 4.app */ = {isa = PBXFileReference; explicitFileType = wrapper.application; includeInIndex = 0; path = "Assignment 4.app"; sourceTree = BUILT_PRODUCTS_DIR; };
		8A84127E245A1D52000FF205 /* AppDelegate.swift */ = {isa = PBXFileReference; lastKnownFileType = sourcecode.swift; path = AppDelegate.swift; sourceTree = "<group>"; };
		8A841280245A1D52000FF205 /* SceneDelegate.swift */ = {isa = PBXFileReference; lastKnownFileType = sourcecode.swift; path = SceneDelegate.swift; sourceTree = "<group>"; };
		8A841282245A1D52000FF205 /* ViewController.swift */ = {isa = PBXFileReference; lastKnownFileType = sourcecode.swift; path = ViewController.swift; sourceTree = "<group>"; };
		8A841285245A1D52000FF205 /* Base */ = {isa = PBXFileReference; lastKnownFileType = file.storyboard; name = Base; path = Base.lproj/Main.storyboard; sourceTree = "<group>"; };
		8A841287245A1D55000FF205 /* Assets.xcassets */ = {isa = PBXFileReference; lastKnownFileType = folder.assetcatalog; path = Assets.xcassets; sourceTree = "<group>"; };
		8A84128A245A1D55000FF205 /* Base */ = {isa = PBXFileReference; lastKnownFileType = file.storyboard; name = Base; path = Base.lproj/LaunchScreen.storyboard; sourceTree = "<group>"; };
		8A84128C245A1D55000FF205 /* Info.plist */ = {isa = PBXFileReference; lastKnownFileType = text.plist.xml; path = Info.plist; sourceTree = "<group>"; };
		8AC2DCA9247D76980099401F /* Cell.swift */ = {isa = PBXFileReference; lastKnownFileType = sourcecode.swift; path = Cell.swift; sourceTree = "<group>"; };
		8AC2DCAB247D9F0F0099401F /* YTButtons.swift */ = {isa = PBXFileReference; lastKnownFileType = sourcecode.swift; path = YTButtons.swift; sourceTree = "<group>"; };
		A5A039CDF8A5D56E554E2F78 /* Pods_Assignment_4.framework */ = {isa = PBXFileReference; explicitFileType = wrapper.framework; includeInIndex = 0; path = Pods_Assignment_4.framework; sourceTree = BUILT_PRODUCTS_DIR; };
		E6685CDF60DD9363F261C301 /* Pods-Assignment 4.debug.xcconfig */ = {isa = PBXFileReference; includeInIndex = 1; lastKnownFileType = text.xcconfig; name = "Pods-Assignment 4.debug.xcconfig"; path = "Target Support Files/Pods-Assignment 4/Pods-Assignment 4.debug.xcconfig"; sourceTree = "<group>"; };
/* End PBXFileReference section */

/* Begin PBXFrameworksBuildPhase section */
		8A841278245A1D52000FF205 /* Frameworks */ = {
			isa = PBXFrameworksBuildPhase;
			buildActionMask = 2147483647;
			files = (
				F640F076EF5ADD062C8F7238 /* Pods_Assignment_4.framework in Frameworks */,
			);
			runOnlyForDeploymentPostprocessing = 0;
		};
/* End PBXFrameworksBuildPhase section */

/* Begin PBXGroup section */
		3C7D95DE9619DC3AFC9F7694 /* Pods */ = {
			isa = PBXGroup;
			children = (
				E6685CDF60DD9363F261C301 /* Pods-Assignment 4.debug.xcconfig */,
				84090AD2BC64DD68CC5ABB36 /* Pods-Assignment 4.release.xcconfig */,
			);
			path = Pods;
			sourceTree = "<group>";
		};
		8A841272245A1D52000FF205 = {
			isa = PBXGroup;
			children = (
				8A84127D245A1D52000FF205 /* Assignment 4 */,
				8A84127C245A1D52000FF205 /* Products */,
				3C7D95DE9619DC3AFC9F7694 /* Pods */,
				8AECF16E4BBB87E402D87088 /* Frameworks */,
			);
			sourceTree = "<group>";
		};
		8A84127C245A1D52000FF205 /* Products */ = {
			isa = PBXGroup;
			children = (
				8A84127B245A1D52000FF205 /* Assignment 4.app */,
			);
			name = Products;
			sourceTree = "<group>";
		};
		8A84127D245A1D52000FF205 /* Assignment 4 */ = {
			isa = PBXGroup;
			children = (
				8A84127E245A1D52000FF205 /* AppDelegate.swift */,
				8A841280245A1D52000FF205 /* SceneDelegate.swift */,
				8AC2DCA9247D76980099401F /* Cell.swift */,
				8AC2DCAB247D9F0F0099401F /* YTButtons.swift */,
				8A841282245A1D52000FF205 /* ViewController.swift */,
				8A841284245A1D52000FF205 /* Main.storyboard */,
				8A841287245A1D55000FF205 /* Assets.xcassets */,
				8A841289245A1D55000FF205 /* LaunchScreen.storyboard */,
				8A84128C245A1D55000FF205 /* Info.plist */,
			);
			path = "Assignment 4";
			sourceTree = "<group>";
		};
		8AECF16E4BBB87E402D87088 /* Frameworks */ = {
			isa = PBXGroup;
			children = (
				A5A039CDF8A5D56E554E2F78 /* Pods_Assignment_4.framework */,
			);
			name = Frameworks;
			sourceTree = "<group>";
		};
/* End PBXGroup section */

/* Begin PBXNativeTarget section */
		8A84127A245A1D52000FF205 /* Assignment 4 */ = {
			isa = PBXNativeTarget;
			buildConfigurationList = 8A84128F245A1D55000FF205 /* Build configuration list for PBXNativeTarget "Assignment 4" */;
			buildPhases = (
				A9AAD5CB9124FC9952B26944 /* [CP] Check Pods Manifest.lock */,
				8A841277245A1D52000FF205 /* Sources */,
				8A841278245A1D52000FF205 /* Frameworks */,
				8A841279245A1D52000FF205 /* Resources */,
				6386D1CE7FC3CF34EAF23516 /* [CP] Embed Pods Frameworks */,
			);
			buildRules = (
			);
			dependencies = (
			);
			name = "Assignment 4";
			productName = "Assignment 4";
			productReference = 8A84127B245A1D52000FF205 /* Assignment 4.app */;
			productType = "com.apple.product-type.application";
		};
/* End PBXNativeTarget section */

/* Begin PBXProject section */
		8A841273245A1D52000FF205 /* Project object */ = {
			isa = PBXProject;
			attributes = {
				LastSwiftUpdateCheck = 1140;
				LastUpgradeCheck = 1140;
				ORGANIZATIONNAME = COMP2601;
				TargetAttributes = {
					8A84127A245A1D52000FF205 = {
						CreatedOnToolsVersion = 11.4.1;
					};
				};
			};
			buildConfigurationList = 8A841276245A1D52000FF205 /* Build configuration list for PBXProject "Assignment 4" */;
			compatibilityVersion = "Xcode 9.3";
			developmentRegion = en;
			hasScannedForEncodings = 0;
			knownRegions = (
				en,
				Base,
			);
			mainGroup = 8A841272245A1D52000FF205;
			productRefGroup = 8A84127C245A1D52000FF205 /* Products */;
			projectDirPath = "";
			projectRoot = "";
			targets = (
				8A84127A245A1D52000FF205 /* Assignment 4 */,
			);
		};
/* End PBXProject section */

/* Begin PBXResourcesBuildPhase section */
		8A841279245A1D52000FF205 /* Resources */ = {
			isa = PBXResourcesBuildPhase;
			buildActionMask = 2147483647;
			files = (
				8A84128B245A1D55000FF205 /* LaunchScreen.storyboard in Resources */,
				8A841288245A1D55000FF205 /* Assets.xcassets in Resources */,
				8A841286245A1D52000FF205 /* Main.storyboard in Resources */,
			);
			runOnlyForDeploymentPostprocessing = 0;
		};
/* End PBXResourcesBuildPhase section */

/* Begin PBXShellScriptBuildPhase section */
		6386D1CE7FC3CF34EAF23516 /* [CP] Embed Pods Frameworks */ = {
			isa = PBXShellScriptBuildPhase;
			buildActionMask = 2147483647;
			files = (
			);
			inputFileListPaths = (
				"${PODS_ROOT}/Target Support Files/Pods-Assignment 4/Pods-Assignment 4-frameworks-${CONFIGURATION}-input-files.xcfilelist",
			);
			name = "[CP] Embed Pods Frameworks";
			outputFileListPaths = (
				"${PODS_ROOT}/Target Support Files/Pods-Assignment 4/Pods-Assignment 4-frameworks-${CONFIGURATION}-output-files.xcfilelist",
			);
			runOnlyForDeploymentPostprocessing = 0;
			shellPath = /bin/sh;
			shellScript = "\"${PODS_ROOT}/Target Support Files/Pods-Assignment 4/Pods-Assignment 4-frameworks.sh\"\n";
			showEnvVarsInLog = 0;
		};
		A9AAD5CB9124FC9952B26944 /* [CP] Check Pods Manifest.lock */ = {
			isa = PBXShellScriptBuildPhase;
			buildActionMask = 2147483647;
			files = (
			);
			inputFileListPaths = (
			);
			inputPaths = (
				"${PODS_PODFILE_DIR_PATH}/Podfile.lock",
				"${PODS_ROOT}/Manifest.lock",
			);
			name = "[CP] Check Pods Manifest.lock";
			outputFileListPaths = (
			);
			outputPaths = (
				"$(DERIVED_FILE_DIR)/Pods-Assignment 4-checkManifestLockResult.txt",
			);
			runOnlyForDeploymentPostprocessing = 0;
			shellPath = /bin/sh;
			shellScript = "diff \"${PODS_PODFILE_DIR_PATH}/Podfile.lock\" \"${PODS_ROOT}/Manifest.lock\" > /dev/null\nif [ $? != 0 ] ; then\n    # print error to STDERR\n    echo \"error: The sandbox is not in sync with the Podfile.lock. Run 'pod install' or update your CocoaPods installation.\" >&2\n    exit 1\nfi\n# This output is used by Xcode 'outputs' to avoid re-running this script phase.\necho \"SUCCESS\" > \"${SCRIPT_OUTPUT_FILE_0}\"\n";
			showEnvVarsInLog = 0;
		};
/* End PBXShellScriptBuildPhase section */

/* Begin PBXSourcesBuildPhase section */
		8A841277245A1D52000FF205 /* Sources */ = {
			isa = PBXSourcesBuildPhase;
			buildActionMask = 2147483647;
			files = (
				8A841283245A1D52000FF205 /* ViewController.swift in Sources */,
				8AC2DCAA247D76980099401F /* Cell.swift in Sources */,
				8AC2DCAC247D9F0F0099401F /* YTButtons.swift in Sources */,
				8A84127F245A1D52000FF205 /* AppDelegate.swift in Sources */,
				8A841281245A1D52000FF205 /* SceneDelegate.swift in Sources */,
			);
			runOnlyForDeploymentPostprocessing = 0;
		};
/* End PBXSourcesBuildPhase section */

/* Begin PBXVariantGroup section */
		8A841284245A1D52000FF205 /* Main.storyboard */ = {
			isa = PBXVariantGroup;
			children = (
				8A841285245A1D52000FF205 /* Base */,
			);
			name = Main.storyboard;
			sourceTree = "<group>";
		};
		8A841289245A1D55000FF205 /* LaunchScreen.storyboard */ = {
			isa = PBXVariantGroup;
			children = (
				8A84128A245A1D55000FF205 /* Base */,
			);
			name = LaunchScreen.storyboard;
			sourceTree = "<group>";
		};
/* End PBXVariantGroup section */

/* Begin XCBuildConfiguration section */
		8A84128D245A1D55000FF205 /* Debug */ = {
			isa = XCBuildConfiguration;
			buildSettings = {
				ALWAYS_SEARCH_USER_PATHS = NO;
				CLANG_ANALYZER_NONNULL = YES;
				CLANG_ANALYZER_NUMBER_OBJECT_CONVERSION = YES_AGGRESSIVE;
				CLANG_CXX_LANGUAGE_STANDARD = "gnu++14";
				CLANG_CXX_LIBRARY = "libc++";
				CLANG_ENABLE_MODULES = YES;
				CLANG_ENABLE_OBJC_ARC = YES;
				CLANG_ENABLE_OBJC_WEAK = YES;
				CLANG_WARN_BLOCK_CAPTURE_AUTORELEASING = YES;
				CLANG_WARN_BOOL_CONVERSION = YES;
				CLANG_WARN_COMMA = YES;
				CLANG_WARN_CONSTANT_CONVERSION = YES;
				CLANG_WARN_DEPRECATED_OBJC_IMPLEMENTATIONS = YES;
				CLANG_WARN_DIRECT_OBJC_ISA_USAGE = YES_ERROR;
				CLANG_WARN_DOCUMENTATION_COMMENTS = YES;
				CLANG_WARN_EMPTY_BODY = YES;
				CLANG_WARN_ENUM_CONVERSION = YES;
				CLANG_WARN_INFINITE_RECURSION = YES;
				CLANG_WARN_INT_CONVERSION = YES;
				CLANG_WARN_NON_LITERAL_NULL_CONVERSION = YES;
				CLANG_WARN_OBJC_IMPLICIT_RETAIN_SELF = YES;
				CLANG_WARN_OBJC_LITERAL_CONVERSION = YES;
				CLANG_WARN_OBJC_ROOT_CLASS = YES_ERROR;
				CLANG_WARN_RANGE_LOOP_ANALYSIS = YES;
				CLANG_WARN_STRICT_PROTOTYPES = YES;
				CLANG_WARN_SUSPICIOUS_MOVE = YES;
				CLANG_WARN_UNGUARDED_AVAILABILITY = YES_AGGRESSIVE;
				CLANG_WARN_UNREACHABLE_CODE = YES;
				CLANG_WARN__DUPLICATE_METHOD_MATCH = YES;
				COPY_PHASE_STRIP = NO;
				DEBUG_INFORMATION_FORMAT = dwarf;
				ENABLE_STRICT_OBJC_MSGSEND = YES;
				ENABLE_TESTABILITY = YES;
				GCC_C_LANGUAGE_STANDARD = gnu11;
				GCC_DYNAMIC_NO_PIC = NO;
				GCC_NO_COMMON_BLOCKS = YES;
				GCC_OPTIMIZATION_LEVEL = 0;
				GCC_PREPROCESSOR_DEFINITIONS = (
					"DEBUG=1",
					"$(inherited)",
				);
				GCC_WARN_64_TO_32_BIT_CONVERSION = YES;
				GCC_WARN_ABOUT_RETURN_TYPE = YES_ERROR;
				GCC_WARN_UNDECLARED_SELECTOR = YES;
				GCC_WARN_UNINITIALIZED_AUTOS = YES_AGGRESSIVE;
				GCC_WARN_UNUSED_FUNCTION = YES;
				GCC_WARN_UNUSED_VARIABLE = YES;
				IPHONEOS_DEPLOYMENT_TARGET = 13.4;
				MTL_ENABLE_DEBUG_INFO = INCLUDE_SOURCE;
				MTL_FAST_MATH = YES;
				ONLY_ACTIVE_ARCH = YES;
				SDKROOT = iphoneos;
				SWIFT_ACTIVE_COMPILATION_CONDITIONS = DEBUG;
				SWIFT_OPTIMIZATION_LEVEL = "-Onone";
			};
			name = Debug;
		};
		8A84128E245A1D55000FF205 /* Release */ = {
			isa = XCBuildConfiguration;
			buildSettings = {
				ALWAYS_SEARCH_USER_PATHS = NO;
				CLANG_ANALYZER_NONNULL = YES;
				CLANG_ANALYZER_NUMBER_OBJECT_CONVERSION = YES_AGGRESSIVE;
				CLANG_CXX_LANGUAGE_STANDARD = "gnu++14";
				CLANG_CXX_LIBRARY = "libc++";
				CLANG_ENABLE_MODULES = YES;
				CLANG_ENABLE_OBJC_ARC = YES;
				CLANG_ENABLE_OBJC_WEAK = YES;
				CLANG_WARN_BLOCK_CAPTURE_AUTORELEASING = YES;
				CLANG_WARN_BOOL_CONVERSION = YES;
				CLANG_WARN_COMMA = YES;
				CLANG_WARN_CONSTANT_CONVERSION = YES;
				CLANG_WARN_DEPRECATED_OBJC_IMPLEMENTATIONS = YES;
				CLANG_WARN_DIRECT_OBJC_ISA_USAGE = YES_ERROR;
				CLANG_WARN_DOCUMENTATION_COMMENTS = YES;
				CLANG_WARN_EMPTY_BODY = YES;
				CLANG_WARN_ENUM_CONVERSION = YES;
				CLANG_WARN_INFINITE_RECURSION = YES;
				CLANG_WARN_INT_CONVERSION = YES;
				CLANG_WARN_NON_LITERAL_NULL_CONVERSION = YES;
				CLANG_WARN_OBJC_IMPLICIT_RETAIN_SELF = YES;
				CLANG_WARN_OBJC_LITERAL_CONVERSION = YES;
				CLANG_WARN_OBJC_ROOT_CLASS = YES_ERROR;
				CLANG_WARN_RANGE_LOOP_ANALYSIS = YES;
				CLANG_WARN_STRICT_PROTOTYPES = YES;
				CLANG_WARN_SUSPICIOUS_MOVE = YES;
				CLANG_WARN_UNGUARDED_AVAILABILITY = YES_AGGRESSIVE;
				CLANG_WARN_UNREACHABLE_CODE = YES;
				CLANG_WARN__DUPLICATE_METHOD_MATCH = YES;
				COPY_PHASE_STRIP = NO;
				DEBUG_INFORMATION_FORMAT = "dwarf-with-dsym";
				ENABLE_NS_ASSERTIONS = NO;
				ENABLE_STRICT_OBJC_MSGSEND = YES;
				GCC_C_LANGUAGE_STANDARD = gnu11;
				GCC_NO_COMMON_BLOCKS = YES;
				GCC_WARN_64_TO_32_BIT_CONVERSION = YES;
				GCC_WARN_ABOUT_RETURN_TYPE = YES_ERROR;
				GCC_WARN_UNDECLARED_SELECTOR = YES;
				GCC_WARN_UNINITIALIZED_AUTOS = YES_AGGRESSIVE;
				GCC_WARN_UNUSED_FUNCTION = YES;
				GCC_WARN_UNUSED_VARIABLE = YES;
				IPHONEOS_DEPLOYMENT_TARGET = 13.4;
				MTL_ENABLE_DEBUG_INFO = NO;
				MTL_FAST_MATH = YES;
				SDKROOT = iphoneos;
				SWIFT_COMPILATION_MODE = wholemodule;
				SWIFT_OPTIMIZATION_LEVEL = "-O";
				VALIDATE_PRODUCT = YES;
			};
			name = Release;
		};
		8A841290245A1D55000FF205 /* Debug */ = {
			isa = XCBuildConfiguration;
			baseConfigurationReference = E6685CDF60DD9363F261C301 /* Pods-Assignment 4.debug.xcconfig */;
			buildSettings = {
				ASSETCATALOG_COMPILER_APPICON_NAME = AppIcon;
				CODE_SIGN_STYLE = Automatic;
				INFOPLIST_FILE = "Assignment 4/Info.plist";
				LD_RUNPATH_SEARCH_PATHS = (
					"$(inherited)",
					"@executable_path/Frameworks",
				);
				PRODUCT_BUNDLE_IDENTIFIER = "com.carleton.2601.Assignment-4";
				PRODUCT_NAME = "$(TARGET_NAME)";
				SWIFT_VERSION = 5.0;
				TARGETED_DEVICE_FAMILY = "1,2";
			};
			name = Debug;
		};
		8A841291245A1D55000FF205 /* Release */ = {
			isa = XCBuildConfiguration;
			baseConfigurationReference = 84090AD2BC64DD68CC5ABB36 /* Pods-Assignment 4.release.xcconfig */;
			buildSettings = {
				ASSETCATALOG_COMPILER_APPICON_NAME = AppIcon;
				CODE_SIGN_STYLE = Automatic;
				INFOPLIST_FILE = "Assignment 4/Info.plist";
				LD_RUNPATH_SEARCH_PATHS = (
					"$(inherited)",
					"@executable_path/Frameworks",
				);
				PRODUCT_BUNDLE_IDENTIFIER = "com.carleton.2601.Assignment-4";
				PRODUCT_NAME = "$(TARGET_NAME)";
				SWIFT_VERSION = 5.0;
				TARGETED_DEVICE_FAMILY = "1,2";
			};
			name = Release;
		};
/* End XCBuildConfiguration section */

/* Begin XCConfigurationList section */
		8A841276245A1D52000FF205 /* Build configuration list for PBXProject "Assignment 4" */ = {
			isa = XCConfigurationList;
			buildConfigurations = (
				8A84128D245A1D55000FF205 /* Debug */,
				8A84128E245A1D55000FF205 /* Release */,
			);
			defaultConfigurationIsVisible = 0;
			defaultConfigurationName = Release;
		};
		8A84128F245A1D55000FF205 /* Build configuration list for PBXNativeTarget "Assignment 4" */ = {
			isa = XCConfigurationList;
			buildConfigurations = (
				8A841290245A1D55000FF205 /* Debug */,
				8A841291245A1D55000FF205 /* Release */,
			);
			defaultConfigurationIsVisible = 0;
			defaultConfigurationName = Release;
		};
/* End XCConfigurationList section */
	};
	rootObject = 8A841273245A1D52000FF205 /* Project object */;
}
